
Microsoft Visual Studio Solution File, Format Version 12.00
# Visual Studio Version 17
VisualStudioVersion = 17.1.32210.238
MinimumVisualStudioVersion = 10.0.40219.1
Project("{9A19103F-16F7-4668-BE54-9A1E7A4F7556}") = "Gelos.API", "Gelos.API\Gelos.API.csproj", "{E6D5F519-3BC7-4B0C-AABC-99D3A3F60E2F}"
EndProject
Project("{9A19103F-16F7-4668-BE54-9A1E7A4F7556}") = "Gelos.UnitTests", "Gelos.UnitTests\Gelos.UnitTests.csproj", "{4D8D458A-EEE1-4381-8002-65EAA6B0E01A}"
EndProject
Project("{9A19103F-16F7-4668-BE54-9A1E7A4F7556}") = "Gelos.IntegrationTests", "Gelos.IntegrationTests\Gelos.IntegrationTests.csproj", "{D045CF53-3CDB-4954-BF91-8B2A260B5934}"
EndProject
Project("{9A19103F-16F7-4668-BE54-9A1E7A4F7556}") = "Gelos.BuissnessLogic", "Gelos.BuissnessLogic\Gelos.BuissnessLogic.csproj", "{88D11B11-733A-4DEA-B954-34BA746DC493}"
EndProject
Project("{9A19103F-16F7-4668-BE54-9A1E7A4F7556}") = "Gelos.DataAccess.Postgres", "Gelos.DataAccess.Postgres\Gelos.DataAccess.Postgres.csproj", "{74BB281D-357B-46B6-B457-F983BB748E62}"
EndProject
Project("{9A19103F-16F7-4668-BE54-9A1E7A4F7556}") = "Gelos.Domain", "Gelos.Domain\Gelos.Domain.csproj", "{5D894119-DD48-481A-86F3-6AB836E41E86}"
EndProject
Global
	GlobalSection(SolutionConfigurationPlatforms) = preSolution
		Debug|Any CPU = Debug|Any CPU
		Release|Any CPU = Release|Any CPU
	EndGlobalSection
	GlobalSection(ProjectConfigurationPlatforms) = postSolution
		{E6D5F519-3BC7-4B0C-AABC-99D3A3F60E2F}.Debug|Any CPU.ActiveCfg = Debug|Any CPU
		{E6D5F519-3BC7-4B0C-AABC-99D3A3F60E2F}.Debug|Any CPU.Build.0 = Debug|Any CPU
		{E6D5F519-3BC7-4B0C-AABC-99D3A3F60E2F}.Release|Any CPU.ActiveCfg = Release|Any CPU
		{E6D5F519-3BC7-4B0C-AABC-99D3A3F60E2F}.Release|Any CPU.Build.0 = Release|Any CPU
		{4D8D458A-EEE1-4381-8002-65EAA6B0E01A}.Debug|Any CPU.ActiveCfg = Debug|Any CPU
		{4D8D458A-EEE1-4381-8002-65EAA6B0E01A}.Debug|Any CPU.Build.0 = Debug|Any CPU
		{4D8D458A-EEE1-4381-8002-65EAA6B0E01A}.Release|Any CPU.ActiveCfg = Release|Any CPU
		{4D8D458A-EEE1-4381-8002-65EAA6B0E01A}.Release|Any CPU.Build.0 = Release|Any CPU
		{D045CF53-3CDB-4954-BF91-8B2A260B5934}.Debug|Any CPU.ActiveCfg = Debug|Any CPU
		{D045CF53-3CDB-4954-BF91-8B2A260B5934}.Debug|Any CPU.Build.0 = Debug|Any CPU
		{D045CF53-3CDB-4954-BF91-8B2A260B5934}.Release|Any CPU.ActiveCfg = Release|Any CPU
		{D045CF53-3CDB-4954-BF91-8B2A260B5934}.Release|Any CPU.Build.0 = Release|Any CPU
		{88D11B11-733A-4DEA-B954-34BA746DC493}.Debug|Any CPU.ActiveCfg = Debug|Any CPU
		{88D11B11-733A-4DEA-B954-34BA746DC493}.Debug|Any CPU.Build.0 = Debug|Any CPU
		{88D11B11-733A-4DEA-B954-34BA746DC493}.Release|Any CPU.ActiveCfg = Release|Any CPU
		{88D11B11-733A-4DEA-B954-34BA746DC493}.Release|Any CPU.Build.0 = Release|Any CPU
		{74BB281D-357B-46B6-B457-F983BB748E62}.Debug|Any CPU.ActiveCfg = Debug|Any CPU
		{74BB281D-357B-46B6-B457-F983BB748E62}.Debug|Any CPU.Build.0 = Debug|Any CPU
		{74BB281D-357B-46B6-B457-F983BB748E62}.Release|Any CPU.ActiveCfg = Release|Any CPU
		{74BB281D-357B-46B6-B457-F983BB748E62}.Release|Any CPU.Build.0 = Release|Any CPU
		{5D894119-DD48-481A-86F3-6AB836E41E86}.Debug|Any CPU.ActiveCfg = Debug|Any CPU
		{5D894119-DD48-481A-86F3-6AB836E41E86}.Debug|Any CPU.Build.0 = Debug|Any CPU
		{5D894119-DD48-481A-86F3-6AB836E41E86}.Release|Any CPU.ActiveCfg = Release|Any CPU
		{5D894119-DD48-481A-86F3-6AB836E41E86}.Release|Any CPU.Build.0 = Release|Any CPU
	EndGlobalSection
	GlobalSection(SolutionProperties) = preSolution
		HideSolutionNode = FALSE
	EndGlobalSection
	GlobalSection(ExtensibilityGlobals) = postSolution
		SolutionGuid = {DCF00297-9DEE-4732-BB57-0E3D309A12B9}
	EndGlobalSection
EndGlobal
